{
  "name": "rosr-extract",
  "version": "1.0.0",
  "lockfileVersion": 1,
  "requires": true,
  "dependencies": {
    "fast-xml-parser": {
      "version": "3.17.5",
      "resolved": "https://registry.npmjs.org/fast-xml-parser/-/fast-xml-parser-3.17.5.tgz",
      "integrity": "sha512-lEvThd1Xq+CCylf1n+05bUZCDZjTufaaaqpxM3JZ+4iDqtlG+d/oKgtMmg9GEMOuzBgUoalIzFOaClht9YiGJQ==",
      "dev": true
    },
    "findit": {
      "version": "2.0.0",
      "resolved": "https://registry.npmjs.org/findit/-/findit-2.0.0.tgz",
      "integrity": "sha1-ZQnwEmr0wXhVHPqZOU4DLhOk1W4=",
      "dev": true
    }
  }
}
